
Microsoft Visual Studio Solution File, Format Version 12.00
# Visual Studio Version 16
VisualStudioVersion = 16.0.30503.244
MinimumVisualStudioVersion = 10.0.40219.1
Project("{FAE04EC0-301F-11D3-BF4B-00C04F79EFBC}") = "Cleverest", "Cleverest.csproj", "{7BAC0C0E-C33A-43C2-A496-F9210956459D}"
EndProject
Project("{2150E333-8FDC-42A3-9474-1A3956D46DE8}") = "DAL", "DAL", "{BF32F93C-5F84-46C5-8FC9-E5D9A8AE8D1B}"
EndProject
Project("{2150E333-8FDC-42A3-9474-1A3956D46DE8}") = "BLL", "BLL", "{5E815AED-9AA5-46D0-8517-30A24B0B1493}"
EndProject
Project("{2150E333-8FDC-42A3-9474-1A3956D46DE8}") = "PL", "PL", "{36BB4B09-8EB7-4FBE-9C11-AD4841A9F55F}"
EndProject
Project("{2150E333-8FDC-42A3-9474-1A3956D46DE8}") = "Common", "Common", "{C3691169-415E-4F71-9669-9A0AD1814390}"
EndProject
Project("{2150E333-8FDC-42A3-9474-1A3956D46DE8}") = "WebPL", "WebPL", "{588B44AC-CF46-49AD-A57C-015E27339DC5}"
EndProject
Project("{FAE04EC0-301F-11D3-BF4B-00C04F79EFBC}") = "Cleverest.Entities", "..\Cleverest.Entities\Cleverest.Entities.csproj", "{EFFBCC5B-B3D7-4B97-8461-EF97C797A831}"
EndProject
Project("{2150E333-8FDC-42A3-9474-1A3956D46DE8}") = "DAL.DB", "DAL.DB", "{E988F841-C74F-4128-809A-91112D0F4668}"
EndProject
Project("{FAE04EC0-301F-11D3-BF4B-00C04F79EFBC}") = "Cleverest.DAO", "..\Cleverest.DAO\Cleverest.DAO.csproj", "{223146A6-0AF8-45D0-A166-36ABF41F434B}"
EndProject
Project("{FAE04EC0-301F-11D3-BF4B-00C04F79EFBC}") = "Cleverest.DAO.Interfaces", "..\Cleverest.DAO.Interfaces\Cleverest.DAO.Interfaces.csproj", "{623DE8D6-C72C-4807-B375-F9783E006067}"
EndProject
Project("{FAE04EC0-301F-11D3-BF4B-00C04F79EFBC}") = "Cleverest.BLL.Interfaces", "..\Cleverest.BLL.Interfaces\Cleverest.BLL.Interfaces.csproj", "{584526B9-3F4E-4BF0-B0AB-8DAEB34AA5FB}"
EndProject
Project("{FAE04EC0-301F-11D3-BF4B-00C04F79EFBC}") = "Cleverest.BLL", "..\Cleverest.BLL\Cleverest.BLL.csproj", "{D28D90E0-FA7C-4B3D-8F05-BB4168F5481B}"
EndProject
Project("{FAE04EC0-301F-11D3-BF4B-00C04F79EFBC}") = "Cleverest.Common", "..\Cleverest.Common\Cleverest.Common.csproj", "{F2924BA3-9922-4AA7-844A-0245BD293EB6}"
EndProject
Global
	GlobalSection(SolutionConfigurationPlatforms) = preSolution
		Debug|Any CPU = Debug|Any CPU
		Release|Any CPU = Release|Any CPU
	EndGlobalSection
	GlobalSection(ProjectConfigurationPlatforms) = postSolution
		{7BAC0C0E-C33A-43C2-A496-F9210956459D}.Debug|Any CPU.ActiveCfg = Debug|Any CPU
		{7BAC0C0E-C33A-43C2-A496-F9210956459D}.Debug|Any CPU.Build.0 = Debug|Any CPU
		{7BAC0C0E-C33A-43C2-A496-F9210956459D}.Release|Any CPU.ActiveCfg = Release|Any CPU
		{7BAC0C0E-C33A-43C2-A496-F9210956459D}.Release|Any CPU.Build.0 = Release|Any CPU
		{EFFBCC5B-B3D7-4B97-8461-EF97C797A831}.Debug|Any CPU.ActiveCfg = Debug|Any CPU
		{EFFBCC5B-B3D7-4B97-8461-EF97C797A831}.Debug|Any CPU.Build.0 = Debug|Any CPU
		{EFFBCC5B-B3D7-4B97-8461-EF97C797A831}.Release|Any CPU.ActiveCfg = Release|Any CPU
		{EFFBCC5B-B3D7-4B97-8461-EF97C797A831}.Release|Any CPU.Build.0 = Release|Any CPU
		{223146A6-0AF8-45D0-A166-36ABF41F434B}.Debug|Any CPU.ActiveCfg = Debug|Any CPU
		{223146A6-0AF8-45D0-A166-36ABF41F434B}.Debug|Any CPU.Build.0 = Debug|Any CPU
		{223146A6-0AF8-45D0-A166-36ABF41F434B}.Release|Any CPU.ActiveCfg = Release|Any CPU
		{223146A6-0AF8-45D0-A166-36ABF41F434B}.Release|Any CPU.Build.0 = Release|Any CPU
		{623DE8D6-C72C-4807-B375-F9783E006067}.Debug|Any CPU.ActiveCfg = Debug|Any CPU
		{623DE8D6-C72C-4807-B375-F9783E006067}.Debug|Any CPU.Build.0 = Debug|Any CPU
		{623DE8D6-C72C-4807-B375-F9783E006067}.Release|Any CPU.ActiveCfg = Release|Any CPU
		{623DE8D6-C72C-4807-B375-F9783E006067}.Release|Any CPU.Build.0 = Release|Any CPU
		{584526B9-3F4E-4BF0-B0AB-8DAEB34AA5FB}.Debug|Any CPU.ActiveCfg = Debug|Any CPU
		{584526B9-3F4E-4BF0-B0AB-8DAEB34AA5FB}.Debug|Any CPU.Build.0 = Debug|Any CPU
		{584526B9-3F4E-4BF0-B0AB-8DAEB34AA5FB}.Release|Any CPU.ActiveCfg = Release|Any CPU
		{584526B9-3F4E-4BF0-B0AB-8DAEB34AA5FB}.Release|Any CPU.Build.0 = Release|Any CPU
		{D28D90E0-FA7C-4B3D-8F05-BB4168F5481B}.Debug|Any CPU.ActiveCfg = Debug|Any CPU
		{D28D90E0-FA7C-4B3D-8F05-BB4168F5481B}.Debug|Any CPU.Build.0 = Debug|Any CPU
		{D28D90E0-FA7C-4B3D-8F05-BB4168F5481B}.Release|Any CPU.ActiveCfg = Release|Any CPU
		{D28D90E0-FA7C-4B3D-8F05-BB4168F5481B}.Release|Any CPU.Build.0 = Release|Any CPU
		{F2924BA3-9922-4AA7-844A-0245BD293EB6}.Debug|Any CPU.ActiveCfg = Debug|Any CPU
		{F2924BA3-9922-4AA7-844A-0245BD293EB6}.Debug|Any CPU.Build.0 = Debug|Any CPU
		{F2924BA3-9922-4AA7-844A-0245BD293EB6}.Release|Any CPU.ActiveCfg = Release|Any CPU
		{F2924BA3-9922-4AA7-844A-0245BD293EB6}.Release|Any CPU.Build.0 = Release|Any CPU
	EndGlobalSection
	GlobalSection(SolutionProperties) = preSolution
		HideSolutionNode = FALSE
	EndGlobalSection
	GlobalSection(NestedProjects) = preSolution
		{7BAC0C0E-C33A-43C2-A496-F9210956459D} = {588B44AC-CF46-49AD-A57C-015E27339DC5}
		{588B44AC-CF46-49AD-A57C-015E27339DC5} = {36BB4B09-8EB7-4FBE-9C11-AD4841A9F55F}
		{EFFBCC5B-B3D7-4B97-8461-EF97C797A831} = {C3691169-415E-4F71-9669-9A0AD1814390}
		{E988F841-C74F-4128-809A-91112D0F4668} = {BF32F93C-5F84-46C5-8FC9-E5D9A8AE8D1B}
		{223146A6-0AF8-45D0-A166-36ABF41F434B} = {E988F841-C74F-4128-809A-91112D0F4668}
		{623DE8D6-C72C-4807-B375-F9783E006067} = {BF32F93C-5F84-46C5-8FC9-E5D9A8AE8D1B}
		{584526B9-3F4E-4BF0-B0AB-8DAEB34AA5FB} = {5E815AED-9AA5-46D0-8517-30A24B0B1493}
		{D28D90E0-FA7C-4B3D-8F05-BB4168F5481B} = {5E815AED-9AA5-46D0-8517-30A24B0B1493}
		{F2924BA3-9922-4AA7-844A-0245BD293EB6} = {C3691169-415E-4F71-9669-9A0AD1814390}
	EndGlobalSection
	GlobalSection(ExtensibilityGlobals) = postSolution
		SolutionGuid = {39D8718E-3AF3-4B9A-AF6A-823642A16EC7}
	EndGlobalSection
EndGlobal
